
Microsoft Visual Studio Solution File, Format Version 12.00
# Visual Studio 2012
Project("{FAE04EC0-301F-11D3-BF4B-00C04F79EFBC}") = "Biblioteca.Infraestructura", "Biblioteca.Infraestructura\Biblioteca.Infraestructura.csproj", "{7195A2DB-5DA7-4599-A002-756AFCA932BF}"
EndProject
Project("{FAE04EC0-301F-11D3-BF4B-00C04F79EFBC}") = "Biblioteca.Model", "Biblioteca.Model\Biblioteca.Model.csproj", "{EDCD5467-85DA-452F-94B6-AEF47430D1CA}"
EndProject
Project("{FAE04EC0-301F-11D3-BF4B-00C04F79EFBC}") = "Biblioteca.Repository.EF", "Biblioteca.Repository.EF\Biblioteca.Repository.EF.csproj", "{6127CDAC-F307-4FE7-892C-EB70E4CFDF50}"
EndProject
Project("{FAE04EC0-301F-11D3-BF4B-00C04F79EFBC}") = "Biblioteca", "Biblioteca\Biblioteca.csproj", "{73C92036-1F72-4BF6-A5D6-6A4ED2E4A450}"
EndProject
Global
	GlobalSection(SolutionConfigurationPlatforms) = preSolution
		Debug|Any CPU = Debug|Any CPU
		Release|Any CPU = Release|Any CPU
	EndGlobalSection
	GlobalSection(ProjectConfigurationPlatforms) = postSolution
		{7195A2DB-5DA7-4599-A002-756AFCA932BF}.Debug|Any CPU.ActiveCfg = Debug|Any CPU
		{7195A2DB-5DA7-4599-A002-756AFCA932BF}.Debug|Any CPU.Build.0 = Debug|Any CPU
		{7195A2DB-5DA7-4599-A002-756AFCA932BF}.Release|Any CPU.ActiveCfg = Release|Any CPU
		{7195A2DB-5DA7-4599-A002-756AFCA932BF}.Release|Any CPU.Build.0 = Release|Any CPU
		{EDCD5467-85DA-452F-94B6-AEF47430D1CA}.Debug|Any CPU.ActiveCfg = Debug|Any CPU
		{EDCD5467-85DA-452F-94B6-AEF47430D1CA}.Debug|Any CPU.Build.0 = Debug|Any CPU
		{EDCD5467-85DA-452F-94B6-AEF47430D1CA}.Release|Any CPU.ActiveCfg = Release|Any CPU
		{EDCD5467-85DA-452F-94B6-AEF47430D1CA}.Release|Any CPU.Build.0 = Release|Any CPU
		{6127CDAC-F307-4FE7-892C-EB70E4CFDF50}.Debug|Any CPU.ActiveCfg = Debug|Any CPU
		{6127CDAC-F307-4FE7-892C-EB70E4CFDF50}.Debug|Any CPU.Build.0 = Debug|Any CPU
		{6127CDAC-F307-4FE7-892C-EB70E4CFDF50}.Release|Any CPU.ActiveCfg = Release|Any CPU
		{6127CDAC-F307-4FE7-892C-EB70E4CFDF50}.Release|Any CPU.Build.0 = Release|Any CPU
		{73C92036-1F72-4BF6-A5D6-6A4ED2E4A450}.Debug|Any CPU.ActiveCfg = Debug|Any CPU
		{73C92036-1F72-4BF6-A5D6-6A4ED2E4A450}.Debug|Any CPU.Build.0 = Debug|Any CPU
		{73C92036-1F72-4BF6-A5D6-6A4ED2E4A450}.Release|Any CPU.ActiveCfg = Release|Any CPU
		{73C92036-1F72-4BF6-A5D6-6A4ED2E4A450}.Release|Any CPU.Build.0 = Release|Any CPU
	EndGlobalSection
	GlobalSection(SolutionProperties) = preSolution
		HideSolutionNode = FALSE
	EndGlobalSection
EndGlobal
